
Microsoft Visual Studio Solution File, Format Version 12.00
# Visual Studio 15
VisualStudioVersion = 15.0.28307.329
MinimumVisualStudioVersion = 10.0.40219.1
Project("{2150E333-8FDC-42A3-9474-1A3956D46DE8}") = "API", "API", "{EDA6150E-C481-46D6-A0B6-380669833C56}"
EndProject
Project("{FAE04EC0-301F-11D3-BF4B-00C04F79EFBC}") = "Application.API", "Application.API\Application.API.csproj", "{3A522F3E-9B60-41C7-817F-E21F92241D43}"
EndProject
Global
	GlobalSection(SolutionConfigurationPlatforms) = preSolution
		Debug|Any CPU = Debug|Any CPU
		Release|Any CPU = Release|Any CPU
	EndGlobalSection
	GlobalSection(ProjectConfigurationPlatforms) = postSolution
		{3A522F3E-9B60-41C7-817F-E21F92241D43}.Debug|Any CPU.ActiveCfg = Debug|Any CPU
		{3A522F3E-9B60-41C7-817F-E21F92241D43}.Debug|Any CPU.Build.0 = Debug|Any CPU
		{3A522F3E-9B60-41C7-817F-E21F92241D43}.Release|Any CPU.ActiveCfg = Release|Any CPU
		{3A522F3E-9B60-41C7-817F-E21F92241D43}.Release|Any CPU.Build.0 = Release|Any CPU
	EndGlobalSection
	GlobalSection(SolutionProperties) = preSolution
		HideSolutionNode = FALSE
	EndGlobalSection
	GlobalSection(NestedProjects) = preSolution
		{3A522F3E-9B60-41C7-817F-E21F92241D43} = {EDA6150E-C481-46D6-A0B6-380669833C56}
	EndGlobalSection
	GlobalSection(ExtensibilityGlobals) = postSolution
		SolutionGuid = {1C422EE8-970D-4793-9D1D-83FA9FB97FA9}
	EndGlobalSection
EndGlobal
